
Microsoft Visual Studio Solution File, Format Version 12.00
# Visual Studio Version 17
VisualStudioVersion = 17.14.36127.28
MinimumVisualStudioVersion = 10.0.40219.1
Project("{9A19103F-16F7-4668-BE54-9A1E7A4F7556}") = "Domain", "Domain\Domain.csproj", "{D2557E11-7278-403F-A7A3-93B7940B20E3}"
EndProject
Project("{9A19103F-16F7-4668-BE54-9A1E7A4F7556}") = "Application", "Application\Application.csproj", "{1D4E123B-4724-4CBB-B0D2-A15AC24EE0F8}"
EndProject
Project("{9A19103F-16F7-4668-BE54-9A1E7A4F7556}") = "Infrastructure", "Infrastructure\Infrastructure.csproj", "{B517A3B7-51B3-48A8-AB2D-28C28211D753}"
EndProject
Project("{9A19103F-16F7-4668-BE54-9A1E7A4F7556}") = "WpfApp", "WpfApp\WpfApp.csproj", "{42AB1289-BBBC-4CB5-B41C-012353A0BE41}"
EndProject
Project("{FAE04EC0-301F-11D3-BF4B-00C04F79EFBC}") = "ConsoleApp1", "ConsoleApp1\ConsoleApp1.csproj", "{02642086-161B-4944-8BA4-52CD286C62BD}"
EndProject
Global
	GlobalSection(SolutionConfigurationPlatforms) = preSolution
		Debug|Any CPU = Debug|Any CPU
		Release|Any CPU = Release|Any CPU
	EndGlobalSection
	GlobalSection(ProjectConfigurationPlatforms) = postSolution
		{D2557E11-7278-403F-A7A3-93B7940B20E3}.Debug|Any CPU.ActiveCfg = Debug|Any CPU
		{D2557E11-7278-403F-A7A3-93B7940B20E3}.Debug|Any CPU.Build.0 = Debug|Any CPU
		{D2557E11-7278-403F-A7A3-93B7940B20E3}.Release|Any CPU.ActiveCfg = Release|Any CPU
		{D2557E11-7278-403F-A7A3-93B7940B20E3}.Release|Any CPU.Build.0 = Release|Any CPU
		{1D4E123B-4724-4CBB-B0D2-A15AC24EE0F8}.Debug|Any CPU.ActiveCfg = Debug|Any CPU
		{1D4E123B-4724-4CBB-B0D2-A15AC24EE0F8}.Debug|Any CPU.Build.0 = Debug|Any CPU
		{1D4E123B-4724-4CBB-B0D2-A15AC24EE0F8}.Release|Any CPU.ActiveCfg = Release|Any CPU
		{1D4E123B-4724-4CBB-B0D2-A15AC24EE0F8}.Release|Any CPU.Build.0 = Release|Any CPU
		{B517A3B7-51B3-48A8-AB2D-28C28211D753}.Debug|Any CPU.ActiveCfg = Debug|Any CPU
		{B517A3B7-51B3-48A8-AB2D-28C28211D753}.Debug|Any CPU.Build.0 = Debug|Any CPU
		{B517A3B7-51B3-48A8-AB2D-28C28211D753}.Release|Any CPU.ActiveCfg = Release|Any CPU
		{B517A3B7-51B3-48A8-AB2D-28C28211D753}.Release|Any CPU.Build.0 = Release|Any CPU
		{42AB1289-BBBC-4CB5-B41C-012353A0BE41}.Debug|Any CPU.ActiveCfg = Debug|Any CPU
		{42AB1289-BBBC-4CB5-B41C-012353A0BE41}.Debug|Any CPU.Build.0 = Debug|Any CPU
		{42AB1289-BBBC-4CB5-B41C-012353A0BE41}.Release|Any CPU.ActiveCfg = Release|Any CPU
		{42AB1289-BBBC-4CB5-B41C-012353A0BE41}.Release|Any CPU.Build.0 = Release|Any CPU
		{02642086-161B-4944-8BA4-52CD286C62BD}.Debug|Any CPU.ActiveCfg = Debug|Any CPU
		{02642086-161B-4944-8BA4-52CD286C62BD}.Debug|Any CPU.Build.0 = Debug|Any CPU
		{02642086-161B-4944-8BA4-52CD286C62BD}.Release|Any CPU.ActiveCfg = Release|Any CPU
		{02642086-161B-4944-8BA4-52CD286C62BD}.Release|Any CPU.Build.0 = Release|Any CPU
	EndGlobalSection
	GlobalSection(SolutionProperties) = preSolution
		HideSolutionNode = FALSE
	EndGlobalSection
	GlobalSection(ExtensibilityGlobals) = postSolution
		SolutionGuid = {A0BBD505-73EA-4195-8361-AC7030C45FF9}
	EndGlobalSection
EndGlobal
